// !$*UTF8*$!
{
	archiveVersion = 1;
	classes = {
	};
	objectVersion = 50;
	objects = {

/* Begin PBXBuildFile section */
		DBB6692725B05D4F00BA0524 /* AppDelegate.swift in Sources */ = {isa = PBXBuildFile; fileRef = DBB6692625B05D4F00BA0524 /* AppDelegate.swift */; };
		DBB6692925B05D4F00BA0524 /* SceneDelegate.swift in Sources */ = {isa = PBXBuildFile; fileRef = DBB6692825B05D4F00BA0524 /* SceneDelegate.swift */; };
		DBB6692B25B05D4F00BA0524 /* ViewController.swift in Sources */ = {isa = PBXBuildFile; fileRef = DBB6692A25B05D4F00BA0524 /* ViewController.swift */; };
		DBB6692E25B05D4F00BA0524 /* Main.storyboard in Resources */ = {isa = PBXBuildFile; fileRef = DBB6692C25B05D4F00BA0524 /* Main.storyboard */; };
		DBB6693025B05D5000BA0524 /* Assets.xcassets in Resources */ = {isa = PBXBuildFile; fileRef = DBB6692F25B05D5000BA0524 /* Assets.xcassets */; };
		DBB6693325B05D5000BA0524 /* LaunchScreen.storyboard in Resources */ = {isa = PBXBuildFile; fileRef = DBB6693125B05D5000BA0524 /* LaunchScreen.storyboard */; };
		DBB6693E25B05D5000BA0524 /* MarvelTests.swift in Sources */ = {isa = PBXBuildFile; fileRef = DBB6693D25B05D5000BA0524 /* MarvelTests.swift */; };
		DBB6694925B05D5000BA0524 /* MarvelUITests.swift in Sources */ = {isa = PBXBuildFile; fileRef = DBB6694825B05D5000BA0524 /* MarvelUITests.swift */; };
/* End PBXBuildFile section */

/* Begin PBXContainerItemProxy section */
		DBB6693A25B05D5000BA0524 /* PBXContainerItemProxy */ = {
			isa = PBXContainerItemProxy;
			containerPortal = DBB6691B25B05D4F00BA0524 /* Project object */;
			proxyType = 1;
			remoteGlobalIDString = DBB6692225B05D4F00BA0524;
			remoteInfo = Marvel;
		};
		DBB6694525B05D5000BA0524 /* PBXContainerItemProxy */ = {
			isa = PBXContainerItemProxy;
			containerPortal = DBB6691B25B05D4F00BA0524 /* Project object */;
			proxyType = 1;
			remoteGlobalIDString = DBB6692225B05D4F00BA0524;
			remoteInfo = Marvel;
		};
/* End PBXContainerItemProxy section */

/* Begin PBXFileReference section */
		DBB6692325B05D4F00BA0524 /* Marvel.app */ = {isa = PBXFileReference; explicitFileType = wrapper.application; includeInIndex = 0; path = Marvel.app; sourceTree = BUILT_PRODUCTS_DIR; };
		DBB6692625B05D4F00BA0524 /* AppDelegate.swift */ = {isa = PBXFileReference; lastKnownFileType = sourcecode.swift; path = AppDelegate.swift; sourceTree = "<group>"; };
		DBB6692825B05D4F00BA0524 /* SceneDelegate.swift */ = {isa = PBXFileReference; lastKnownFileType = sourcecode.swift; path = SceneDelegate.swift; sourceTree = "<group>"; };
		DBB6692A25B05D4F00BA0524 /* ViewController.swift */ = {isa = PBXFileReference; lastKnownFileType = sourcecode.swift; path = ViewController.swift; sourceTree = "<group>"; };
		DBB6692D25B05D4F00BA0524 /* Base */ = {isa = PBXFileReference; lastKnownFileType = file.storyboard; name = Base; path = Base.lproj/Main.storyboard; sourceTree = "<group>"; };
		DBB6692F25B05D5000BA0524 /* Assets.xcassets */ = {isa = PBXFileReference; lastKnownFileType = folder.assetcatalog; path = Assets.xcassets; sourceTree = "<group>"; };
		DBB6693225B05D5000BA0524 /* Base */ = {isa = PBXFileReference; lastKnownFileType = file.storyboard; name = Base; path = Base.lproj/LaunchScreen.storyboard; sourceTree = "<group>"; };
		DBB6693425B05D5000BA0524 /* Info.plist */ = {isa = PBXFileReference; lastKnownFileType = text.plist.xml; path = Info.plist; sourceTree = "<group>"; };
		DBB6693925B05D5000BA0524 /* MarvelTests.xctest */ = {isa = PBXFileReference; explicitFileType = wrapper.cfbundle; includeInIndex = 0; path = MarvelTests.xctest; sourceTree = BUILT_PRODUCTS_DIR; };
		DBB6693D25B05D5000BA0524 /* MarvelTests.swift */ = {isa = PBXFileReference; lastKnownFileType = sourcecode.swift; path = MarvelTests.swift; sourceTree = "<group>"; };
		DBB6693F25B05D5000BA0524 /* Info.plist */ = {isa = PBXFileReference; lastKnownFileType = text.plist.xml; path = Info.plist; sourceTree = "<group>"; };
		DBB6694425B05D5000BA0524 /* MarvelUITests.xctest */ = {isa = PBXFileReference; explicitFileType = wrapper.cfbundle; includeInIndex = 0; path = MarvelUITests.xctest; sourceTree = BUILT_PRODUCTS_DIR; };
		DBB6694825B05D5000BA0524 /* MarvelUITests.swift */ = {isa = PBXFileReference; lastKnownFileType = sourcecode.swift; path = MarvelUITests.swift; sourceTree = "<group>"; };
		DBB6694A25B05D5000BA0524 /* Info.plist */ = {isa = PBXFileReference; lastKnownFileType = text.plist.xml; path = Info.plist; sourceTree = "<group>"; };
/* End PBXFileReference section */

/* Begin PBXFrameworksBuildPhase section */
		DBB6692025B05D4F00BA0524 /* Frameworks */ = {
			isa = PBXFrameworksBuildPhase;
			buildActionMask = 2147483647;
			files = (
			);
			runOnlyForDeploymentPostprocessing = 0;
		};
		DBB6693625B05D5000BA0524 /* Frameworks */ = {
			isa = PBXFrameworksBuildPhase;
			buildActionMask = 2147483647;
			files = (
			);
			runOnlyForDeploymentPostprocessing = 0;
		};
		DBB6694125B05D5000BA0524 /* Frameworks */ = {
			isa = PBXFrameworksBuildPhase;
			buildActionMask = 2147483647;
			files = (
			);
			runOnlyForDeploymentPostprocessing = 0;
		};
/* End PBXFrameworksBuildPhase section */

/* Begin PBXGroup section */
		DBB6691A25B05D4F00BA0524 = {
			isa = PBXGroup;
			children = (
				DBB6692525B05D4F00BA0524 /* Marvel */,
				DBB6693C25B05D5000BA0524 /* MarvelTests */,
				DBB6694725B05D5000BA0524 /* MarvelUITests */,
				DBB6692425B05D4F00BA0524 /* Products */,
			);
			sourceTree = "<group>";
		};
		DBB6692425B05D4F00BA0524 /* Products */ = {
			isa = PBXGroup;
			children = (
				DBB6692325B05D4F00BA0524 /* Marvel.app */,
				DBB6693925B05D5000BA0524 /* MarvelTests.xctest */,
				DBB6694425B05D5000BA0524 /* MarvelUITests.xctest */,
			);
			name = Products;
			sourceTree = "<group>";
		};
		DBB6692525B05D4F00BA0524 /* Marvel */ = {
			isa = PBXGroup;
			children = (
				DBB6692625B05D4F00BA0524 /* AppDelegate.swift */,
				DBB6692825B05D4F00BA0524 /* SceneDelegate.swift */,
				DBB6692A25B05D4F00BA0524 /* ViewController.swift */,
				DBB6692C25B05D4F00BA0524 /* Main.storyboard */,
				DBB6692F25B05D5000BA0524 /* Assets.xcassets */,
				DBB6693125B05D5000BA0524 /* LaunchScreen.storyboard */,
				DBB6693425B05D5000BA0524 /* Info.plist */,
			);
			path = Marvel;
			sourceTree = "<group>";
		};
		DBB6693C25B05D5000BA0524 /* MarvelTests */ = {
			isa = PBXGroup;
			children = (
				DBB6693D25B05D5000BA0524 /* MarvelTests.swift */,
				DBB6693F25B05D5000BA0524 /* Info.plist */,
			);
			path = MarvelTests;
			sourceTree = "<group>";
		};
		DBB6694725B05D5000BA0524 /* MarvelUITests */ = {
			isa = PBXGroup;
			children = (
				DBB6694825B05D5000BA0524 /* MarvelUITests.swift */,
				DBB6694A25B05D5000BA0524 /* Info.plist */,
			);
			path = MarvelUITests;
			sourceTree = "<group>";
		};
/* End PBXGroup section */

/* Begin PBXNativeTarget section */
		DBB6692225B05D4F00BA0524 /* Marvel */ = {
			isa = PBXNativeTarget;
			buildConfigurationList = DBB6694D25B05D5000BA0524 /* Build configuration list for PBXNativeTarget "Marvel" */;
			buildPhases = (
				DBB6691F25B05D4F00BA0524 /* Sources */,
				DBB6692025B05D4F00BA0524 /* Frameworks */,
				DBB6692125B05D4F00BA0524 /* Resources */,
			);
			buildRules = (
			);
			dependencies = (
			);
			name = Marvel;
			productName = Marvel;
			productReference = DBB6692325B05D4F00BA0524 /* Marvel.app */;
			productType = "com.apple.product-type.application";
		};
		DBB6693825B05D5000BA0524 /* MarvelTests */ = {
			isa = PBXNativeTarget;
			buildConfigurationList = DBB6695025B05D5000BA0524 /* Build configuration list for PBXNativeTarget "MarvelTests" */;
			buildPhases = (
				DBB6693525B05D5000BA0524 /* Sources */,
				DBB6693625B05D5000BA0524 /* Frameworks */,
				DBB6693725B05D5000BA0524 /* Resources */,
			);
			buildRules = (
			);
			dependencies = (
				DBB6693B25B05D5000BA0524 /* PBXTargetDependency */,
			);
			name = MarvelTests;
			productName = MarvelTests;
			productReference = DBB6693925B05D5000BA0524 /* MarvelTests.xctest */;
			productType = "com.apple.product-type.bundle.unit-test";
		};
		DBB6694325B05D5000BA0524 /* MarvelUITests */ = {
			isa = PBXNativeTarget;
			buildConfigurationList = DBB6695325B05D5000BA0524 /* Build configuration list for PBXNativeTarget "MarvelUITests" */;
			buildPhases = (
				DBB6694025B05D5000BA0524 /* Sources */,
				DBB6694125B05D5000BA0524 /* Frameworks */,
				DBB6694225B05D5000BA0524 /* Resources */,
			);
			buildRules = (
			);
			dependencies = (
				DBB6694625B05D5000BA0524 /* PBXTargetDependency */,
			);
			name = MarvelUITests;
			productName = MarvelUITests;
			productReference = DBB6694425B05D5000BA0524 /* MarvelUITests.xctest */;
			productType = "com.apple.product-type.bundle.ui-testing";
		};
/* End PBXNativeTarget section */

/* Begin PBXProject section */
		DBB6691B25B05D4F00BA0524 /* Project object */ = {
			isa = PBXProject;
			attributes = {
				LastSwiftUpdateCheck = 1230;
				LastUpgradeCheck = 1230;
				TargetAttributes = {
					DBB6692225B05D4F00BA0524 = {
						CreatedOnToolsVersion = 12.3;
					};
					DBB6693825B05D5000BA0524 = {
						CreatedOnToolsVersion = 12.3;
						TestTargetID = DBB6692225B05D4F00BA0524;
					};
					DBB6694325B05D5000BA0524 = {
						CreatedOnToolsVersion = 12.3;
						TestTargetID = DBB6692225B05D4F00BA0524;
					};
				};
			};
			buildConfigurationList = DBB6691E25B05D4F00BA0524 /* Build configuration list for PBXProject "Marvel" */;
			compatibilityVersion = "Xcode 9.3";
			developmentRegion = en;
			hasScannedForEncodings = 0;
			knownRegions = (
				en,
				Base,
			);
			mainGroup = DBB6691A25B05D4F00BA0524;
			productRefGroup = DBB6692425B05D4F00BA0524 /* Products */;
			projectDirPath = "";
			projectRoot = "";
			targets = (
				DBB6692225B05D4F00BA0524 /* Marvel */,
				DBB6693825B05D5000BA0524 /* MarvelTests */,
				DBB6694325B05D5000BA0524 /* MarvelUITests */,
			);
		};
/* End PBXProject section */

/* Begin PBXResourcesBuildPhase section */
		DBB6692125B05D4F00BA0524 /* Resources */ = {
			isa = PBXResourcesBuildPhase;
			buildActionMask = 2147483647;
			files = (
				DBB6693325B05D5000BA0524 /* LaunchScreen.storyboard in Resources */,
				DBB6693025B05D5000BA0524 /* Assets.xcassets in Resources */,
				DBB6692E25B05D4F00BA0524 /* Main.storyboard in Resources */,
			);
			runOnlyForDeploymentPostprocessing = 0;
		};
		DBB6693725B05D5000BA0524 /* Resources */ = {
			isa = PBXResourcesBuildPhase;
			buildActionMask = 2147483647;
			files = (
			);
			runOnlyForDeploymentPostprocessing = 0;
		};
		DBB6694225B05D5000BA0524 /* Resources */ = {
			isa = PBXResourcesBuildPhase;
			buildActionMask = 2147483647;
			files = (
			);
			runOnlyForDeploymentPostprocessing = 0;
		};
/* End PBXResourcesBuildPhase section */

/* Begin PBXSourcesBuildPhase section */
		DBB6691F25B05D4F00BA0524 /* Sources */ = {
			isa = PBXSourcesBuildPhase;
			buildActionMask = 2147483647;
			files = (
				DBB6692B25B05D4F00BA0524 /* ViewController.swift in Sources */,
				DBB6692725B05D4F00BA0524 /* AppDelegate.swift in Sources */,
				DBB6692925B05D4F00BA0524 /* SceneDelegate.swift in Sources */,
			);
			runOnlyForDeploymentPostprocessing = 0;
		};
		DBB6693525B05D5000BA0524 /* Sources */ = {
			isa = PBXSourcesBuildPhase;
			buildActionMask = 2147483647;
			files = (
				DBB6693E25B05D5000BA0524 /* MarvelTests.swift in Sources */,
			);
			runOnlyForDeploymentPostprocessing = 0;
		};
		DBB6694025B05D5000BA0524 /* Sources */ = {
			isa = PBXSourcesBuildPhase;
			buildActionMask = 2147483647;
			files = (
				DBB6694925B05D5000BA0524 /* MarvelUITests.swift in Sources */,
			);
			runOnlyForDeploymentPostprocessing = 0;
		};
/* End PBXSourcesBuildPhase section */

/* Begin PBXTargetDependency section */
		DBB6693B25B05D5000BA0524 /* PBXTargetDependency */ = {
			isa = PBXTargetDependency;
			target = DBB6692225B05D4F00BA0524 /* Marvel */;
			targetProxy = DBB6693A25B05D5000BA0524 /* PBXContainerItemProxy */;
		};
		DBB6694625B05D5000BA0524 /* PBXTargetDependency */ = {
			isa = PBXTargetDependency;
			target = DBB6692225B05D4F00BA0524 /* Marvel */;
			targetProxy = DBB6694525B05D5000BA0524 /* PBXContainerItemProxy */;
		};
/* End PBXTargetDependency section */

/* Begin PBXVariantGroup section */
		DBB6692C25B05D4F00BA0524 /* Main.storyboard */ = {
			isa = PBXVariantGroup;
			children = (
				DBB6692D25B05D4F00BA0524 /* Base */,
			);
			name = Main.storyboard;
			sourceTree = "<group>";
		};
		DBB6693125B05D5000BA0524 /* LaunchScreen.storyboard */ = {
			isa = PBXVariantGroup;
			children = (
				DBB6693225B05D5000BA0524 /* Base */,
			);
			name = LaunchScreen.storyboard;
			sourceTree = "<group>";
		};
/* End PBXVariantGroup section */

/* Begin XCBuildConfiguration section */
		DBB6694B25B05D5000BA0524 /* Debug */ = {
			isa = XCBuildConfiguration;
			buildSettings = {
				ALWAYS_SEARCH_USER_PATHS = NO;
				CLANG_ANALYZER_NONNULL = YES;
				CLANG_ANALYZER_NUMBER_OBJECT_CONVERSION = YES_AGGRESSIVE;
				CLANG_CXX_LANGUAGE_STANDARD = "gnu++14";
				CLANG_CXX_LIBRARY = "libc++";
				CLANG_ENABLE_MODULES = YES;
				CLANG_ENABLE_OBJC_ARC = YES;
				CLANG_ENABLE_OBJC_WEAK = YES;
				CLANG_WARN_BLOCK_CAPTURE_AUTORELEASING = YES;
				CLANG_WARN_BOOL_CONVERSION = YES;
				CLANG_WARN_COMMA = YES;
				CLANG_WARN_CONSTANT_CONVERSION = YES;
				CLANG_WARN_DEPRECATED_OBJC_IMPLEMENTATIONS = YES;
				CLANG_WARN_DIRECT_OBJC_ISA_USAGE = YES_ERROR;
				CLANG_WARN_DOCUMENTATION_COMMENTS = YES;
				CLANG_WARN_EMPTY_BODY = YES;
				CLANG_WARN_ENUM_CONVERSION = YES;
				CLANG_WARN_INFINITE_RECURSION = YES;
				CLANG_WARN_INT_CONVERSION = YES;
				CLANG_WARN_NON_LITERAL_NULL_CONVERSION = YES;
				CLANG_WARN_OBJC_IMPLICIT_RETAIN_SELF = YES;
				CLANG_WARN_OBJC_LITERAL_CONVERSION = YES;
				CLANG_WARN_OBJC_ROOT_CLASS = YES_ERROR;
				CLANG_WARN_QUOTED_INCLUDE_IN_FRAMEWORK_HEADER = YES;
				CLANG_WARN_RANGE_LOOP_ANALYSIS = YES;
				CLANG_WARN_STRICT_PROTOTYPES = YES;
				CLANG_WARN_SUSPICIOUS_MOVE = YES;
				CLANG_WARN_UNGUARDED_AVAILABILITY = YES_AGGRESSIVE;
				CLANG_WARN_UNREACHABLE_CODE = YES;
				CLANG_WARN__DUPLICATE_METHOD_MATCH = YES;
				COPY_PHASE_STRIP = NO;
				DEBUG_INFORMATION_FORMAT = dwarf;
				ENABLE_STRICT_OBJC_MSGSEND = YES;
				ENABLE_TESTABILITY = YES;
				GCC_C_LANGUAGE_STANDARD = gnu11;
				GCC_DYNAMIC_NO_PIC = NO;
				GCC_NO_COMMON_BLOCKS = YES;
				GCC_OPTIMIZATION_LEVEL = 0;
				GCC_PREPROCESSOR_DEFINITIONS = (
					"DEBUG=1",
					"$(inherited)",
				);
				GCC_WARN_64_TO_32_BIT_CONVERSION = YES;
				GCC_WARN_ABOUT_RETURN_TYPE = YES_ERROR;
				GCC_WARN_UNDECLARED_SELECTOR = YES;
				GCC_WARN_UNINITIALIZED_AUTOS = YES_AGGRESSIVE;
				GCC_WARN_UNUSED_FUNCTION = YES;
				GCC_WARN_UNUSED_VARIABLE = YES;
				IPHONEOS_DEPLOYMENT_TARGET = 14.3;
				MTL_ENABLE_DEBUG_INFO = INCLUDE_SOURCE;
				MTL_FAST_MATH = YES;
				ONLY_ACTIVE_ARCH = YES;
				SDKROOT = iphoneos;
				SWIFT_ACTIVE_COMPILATION_CONDITIONS = DEBUG;
				SWIFT_OPTIMIZATION_LEVEL = "-Onone";
			};
			name = Debug;
		};
		DBB6694C25B05D5000BA0524 /* Release */ = {
			isa = XCBuildConfiguration;
			buildSettings = {
				ALWAYS_SEARCH_USER_PATHS = NO;
				CLANG_ANALYZER_NONNULL = YES;
				CLANG_ANALYZER_NUMBER_OBJECT_CONVERSION = YES_AGGRESSIVE;
				CLANG_CXX_LANGUAGE_STANDARD = "gnu++14";
				CLANG_CXX_LIBRARY = "libc++";
				CLANG_ENABLE_MODULES = YES;
				CLANG_ENABLE_OBJC_ARC = YES;
				CLANG_ENABLE_OBJC_WEAK = YES;
				CLANG_WARN_BLOCK_CAPTURE_AUTORELEASING = YES;
				CLANG_WARN_BOOL_CONVERSION = YES;
				CLANG_WARN_COMMA = YES;
				CLANG_WARN_CONSTANT_CONVERSION = YES;
				CLANG_WARN_DEPRECATED_OBJC_IMPLEMENTATIONS = YES;
				CLANG_WARN_DIRECT_OBJC_ISA_USAGE = YES_ERROR;
				CLANG_WARN_DOCUMENTATION_COMMENTS = YES;
				CLANG_WARN_EMPTY_BODY = YES;
				CLANG_WARN_ENUM_CONVERSION = YES;
				CLANG_WARN_INFINITE_RECURSION = YES;
				CLANG_WARN_INT_CONVERSION = YES;
				CLANG_WARN_NON_LITERAL_NULL_CONVERSION = YES;
				CLANG_WARN_OBJC_IMPLICIT_RETAIN_SELF = YES;
				CLANG_WARN_OBJC_LITERAL_CONVERSION = YES;
				CLANG_WARN_OBJC_ROOT_CLASS = YES_ERROR;
				CLANG_WARN_QUOTED_INCLUDE_IN_FRAMEWORK_HEADER = YES;
				CLANG_WARN_RANGE_LOOP_ANALYSIS = YES;
				CLANG_WARN_STRICT_PROTOTYPES = YES;
				CLANG_WARN_SUSPICIOUS_MOVE = YES;
				CLANG_WARN_UNGUARDED_AVAILABILITY = YES_AGGRESSIVE;
				CLANG_WARN_UNREACHABLE_CODE = YES;
				CLANG_WARN__DUPLICATE_METHOD_MATCH = YES;
				COPY_PHASE_STRIP = NO;
				DEBUG_INFORMATION_FORMAT = "dwarf-with-dsym";
				ENABLE_NS_ASSERTIONS = NO;
				ENABLE_STRICT_OBJC_MSGSEND = YES;
				GCC_C_LANGUAGE_STANDARD = gnu11;
				GCC_NO_COMMON_BLOCKS = YES;
				GCC_WARN_64_TO_32_BIT_CONVERSION = YES;
				GCC_WARN_ABOUT_RETURN_TYPE = YES_ERROR;
				GCC_WARN_UNDECLARED_SELECTOR = YES;
				GCC_WARN_UNINITIALIZED_AUTOS = YES_AGGRESSIVE;
				GCC_WARN_UNUSED_FUNCTION = YES;
				GCC_WARN_UNUSED_VARIABLE = YES;
				IPHONEOS_DEPLOYMENT_TARGET = 14.3;
				MTL_ENABLE_DEBUG_INFO = NO;
				MTL_FAST_MATH = YES;
				SDKROOT = iphoneos;
				SWIFT_COMPILATION_MODE = wholemodule;
				SWIFT_OPTIMIZATION_LEVEL = "-O";
				VALIDATE_PRODUCT = YES;
			};
			name = Release;
		};
		DBB6694E25B05D5000BA0524 /* Debug */ = {
			isa = XCBuildConfiguration;
			buildSettings = {
				ASSETCATALOG_COMPILER_APPICON_NAME = AppIcon;
				ASSETCATALOG_COMPILER_GLOBAL_ACCENT_COLOR_NAME = AccentColor;
				CODE_SIGN_STYLE = Automatic;
				DEVELOPMENT_TEAM = V93JPRM6T8;
				INFOPLIST_FILE = Marvel/Info.plist;
				IPHONEOS_DEPLOYMENT_TARGET = 14.0;
				LD_RUNPATH_SEARCH_PATHS = (
					"$(inherited)",
					"@executable_path/Frameworks",
				);
				PRODUCT_BUNDLE_IDENTIFIER = com.memtarhan.Marvel;
				PRODUCT_NAME = "$(TARGET_NAME)";
				SWIFT_VERSION = 5.0;
				TARGETED_DEVICE_FAMILY = "1,2";
			};
			name = Debug;
		};
		DBB6694F25B05D5000BA0524 /* Release */ = {
			isa = XCBuildConfiguration;
			buildSettings = {
				ASSETCATALOG_COMPILER_APPICON_NAME = AppIcon;
				ASSETCATALOG_COMPILER_GLOBAL_ACCENT_COLOR_NAME = AccentColor;
				CODE_SIGN_STYLE = Automatic;
				DEVELOPMENT_TEAM = V93JPRM6T8;
				INFOPLIST_FILE = Marvel/Info.plist;
				IPHONEOS_DEPLOYMENT_TARGET = 14.0;
				LD_RUNPATH_SEARCH_PATHS = (
					"$(inherited)",
					"@executable_path/Frameworks",
				);
				PRODUCT_BUNDLE_IDENTIFIER = com.memtarhan.Marvel;
				PRODUCT_NAME = "$(TARGET_NAME)";
				SWIFT_VERSION = 5.0;
				TARGETED_DEVICE_FAMILY = "1,2";
			};
			name = Release;
		};
		DBB6695125B05D5000BA0524 /* Debug */ = {
			isa = XCBuildConfiguration;
			buildSettings = {
				ALWAYS_EMBED_SWIFT_STANDARD_LIBRARIES = YES;
				BUNDLE_LOADER = "$(TEST_HOST)";
				CODE_SIGN_STYLE = Automatic;
				DEVELOPMENT_TEAM = V93JPRM6T8;
				INFOPLIST_FILE = MarvelTests/Info.plist;
				IPHONEOS_DEPLOYMENT_TARGET = 14.3;
				LD_RUNPATH_SEARCH_PATHS = (
					"$(inherited)",
					"@executable_path/Frameworks",
					"@loader_path/Frameworks",
				);
				PRODUCT_BUNDLE_IDENTIFIER = com.memtarhan.MarvelTests;
				PRODUCT_NAME = "$(TARGET_NAME)";
				SWIFT_VERSION = 5.0;
				TARGETED_DEVICE_FAMILY = "1,2";
				TEST_HOST = "$(BUILT_PRODUCTS_DIR)/Marvel.app/Marvel";
			};
			name = Debug;
		};
		DBB6695225B05D5000BA0524 /* Release */ = {
			isa = XCBuildConfiguration;
			buildSettings = {
				ALWAYS_EMBED_SWIFT_STANDARD_LIBRARIES = YES;
				BUNDLE_LOADER = "$(TEST_HOST)";
				CODE_SIGN_STYLE = Automatic;
				DEVELOPMENT_TEAM = V93JPRM6T8;
				INFOPLIST_FILE = MarvelTests/Info.plist;
				IPHONEOS_DEPLOYMENT_TARGET = 14.3;
				LD_RUNPATH_SEARCH_PATHS = (
					"$(inherited)",
					"@executable_path/Frameworks",
					"@loader_path/Frameworks",
				);
				PRODUCT_BUNDLE_IDENTIFIER = com.memtarhan.MarvelTests;
				PRODUCT_NAME = "$(TARGET_NAME)";
				SWIFT_VERSION = 5.0;
				TARGETED_DEVICE_FAMILY = "1,2";
				TEST_HOST = "$(BUILT_PRODUCTS_DIR)/Marvel.app/Marvel";
			};
			name = Release;
		};
		DBB6695425B05D5000BA0524 /* Debug */ = {
			isa = XCBuildConfiguration;
			buildSettings = {
				ALWAYS_EMBED_SWIFT_STANDARD_LIBRARIES = YES;
				CODE_SIGN_STYLE = Automatic;
				DEVELOPMENT_TEAM = V93JPRM6T8;
				INFOPLIST_FILE = MarvelUITests/Info.plist;
				LD_RUNPATH_SEARCH_PATHS = (
					"$(inherited)",
					"@executable_path/Frameworks",
					"@loader_path/Frameworks",
				);
				PRODUCT_BUNDLE_IDENTIFIER = com.memtarhan.MarvelUITests;
				PRODUCT_NAME = "$(TARGET_NAME)";
				SWIFT_VERSION = 5.0;
				TARGETED_DEVICE_FAMILY = "1,2";
				TEST_TARGET_NAME = Marvel;
			};
			name = Debug;
		};
		DBB6695525B05D5000BA0524 /* Release */ = {
			isa = XCBuildConfiguration;
			buildSettings = {
				ALWAYS_EMBED_SWIFT_STANDARD_LIBRARIES = YES;
				CODE_SIGN_STYLE = Automatic;
				DEVELOPMENT_TEAM = V93JPRM6T8;
				INFOPLIST_FILE = MarvelUITests/Info.plist;
				LD_RUNPATH_SEARCH_PATHS = (
					"$(inherited)",
					"@executable_path/Frameworks",
					"@loader_path/Frameworks",
				);
				PRODUCT_BUNDLE_IDENTIFIER = com.memtarhan.MarvelUITests;
				PRODUCT_NAME = "$(TARGET_NAME)";
				SWIFT_VERSION = 5.0;
				TARGETED_DEVICE_FAMILY = "1,2";
				TEST_TARGET_NAME = Marvel;
			};
			name = Release;
		};
/* End XCBuildConfiguration section */

/* Begin XCConfigurationList section */
		DBB6691E25B05D4F00BA0524 /* Build configuration list for PBXProject "Marvel" */ = {
			isa = XCConfigurationList;
			buildConfigurations = (
				DBB6694B25B05D5000BA0524 /* Debug */,
				DBB6694C25B05D5000BA0524 /* Release */,
			);
			defaultConfigurationIsVisible = 0;
			defaultConfigurationName = Release;
		};
		DBB6694D25B05D5000BA0524 /* Build configuration list for PBXNativeTarget "Marvel" */ = {
			isa = XCConfigurationList;
			buildConfigurations = (
				DBB6694E25B05D5000BA0524 /* Debug */,
				DBB6694F25B05D5000BA0524 /* Release */,
			);
			defaultConfigurationIsVisible = 0;
			defaultConfigurationName = Release;
		};
		DBB6695025B05D5000BA0524 /* Build configuration list for PBXNativeTarget "MarvelTests" */ = {
			isa = XCConfigurationList;
			buildConfigurations = (
				DBB6695125B05D5000BA0524 /* Debug */,
				DBB6695225B05D5000BA0524 /* Release */,
			);
			defaultConfigurationIsVisible = 0;
			defaultConfigurationName = Release;
		};
		DBB6695325B05D5000BA0524 /* Build configuration list for PBXNativeTarget "MarvelUITests" */ = {
			isa = XCConfigurationList;
			buildConfigurations = (
				DBB6695425B05D5000BA0524 /* Debug */,
				DBB6695525B05D5000BA0524 /* Release */,
			);
			defaultConfigurationIsVisible = 0;
			defaultConfigurationName = Release;
		};
/* End XCConfigurationList section */
	};
	rootObject = DBB6691B25B05D4F00BA0524 /* Project object */;
}
